// !$*UTF8*$!
{
	archiveVersion = 1;
	classes = {
	};
	objectVersion = 50;
	objects = {

/* Begin PBXBuildFile section */
		9FCB429A54A32A1F78F4071E /* Pods_MoneyyBox.framework in Frameworks */ = {isa = PBXBuildFile; fileRef = E9AE6E95C61DC56743EFC8B1 /* Pods_MoneyyBox.framework */; };
		E011FBD321F4FD9600763575 /* iconfinder_control-record-circle.png in Resources */ = {isa = PBXBuildFile; fileRef = E011FBD221F4FD9400763575 /* iconfinder_control-record-circle.png */; };
		E011FBD521F501EB00763575 /* iconfinder_Camera.png in Resources */ = {isa = PBXBuildFile; fileRef = E011FBD421F501E800763575 /* iconfinder_Camera.png */; };
		E03908DA21D76B9700BFBB6E /* StoreKit.framework in Frameworks */ = {isa = PBXBuildFile; fileRef = E03908D921D76B9700BFBB6E /* StoreKit.framework */; };
		E03B885921E4B50800F19FB8 /* IQTextView.swift in Sources */ = {isa = PBXBuildFile; fileRef = E03B884321E4B50800F19FB8 /* IQTextView.swift */; };
		E03B885A21E4B50800F19FB8 /* IQPreviousNextView.swift in Sources */ = {isa = PBXBuildFile; fileRef = E03B884521E4B50800F19FB8 /* IQPreviousNextView.swift */; };
		E03B885B21E4B50800F19FB8 /* IQTitleBarButtonItem.swift in Sources */ = {isa = PBXBuildFile; fileRef = E03B884621E4B50800F19FB8 /* IQTitleBarButtonItem.swift */; };
		E03B885C21E4B50800F19FB8 /* IQBarButtonItem.swift in Sources */ = {isa = PBXBuildFile; fileRef = E03B884721E4B50800F19FB8 /* IQBarButtonItem.swift */; };
		E03B885D21E4B50800F19FB8 /* IQToolbar.swift in Sources */ = {isa = PBXBuildFile; fileRef = E03B884821E4B50800F19FB8 /* IQToolbar.swift */; };
		E03B885E21E4B50800F19FB8 /* IQUIView+IQKeyboardToolbar.swift in Sources */ = {isa = PBXBuildFile; fileRef = E03B884921E4B50800F19FB8 /* IQUIView+IQKeyboardToolbar.swift */; };
		E03B885F21E4B50800F19FB8 /* IQInvocation.swift in Sources */ = {isa = PBXBuildFile; fileRef = E03B884A21E4B50800F19FB8 /* IQInvocation.swift */; };
		E03B886021E4B50800F19FB8 /* IQKeyboardManagerConstantsInternal.swift in Sources */ = {isa = PBXBuildFile; fileRef = E03B884C21E4B50800F19FB8 /* IQKeyboardManagerConstantsInternal.swift */; };
		E03B886121E4B50800F19FB8 /* IQKeyboardManagerConstants.swift in Sources */ = {isa = PBXBuildFile; fileRef = E03B884D21E4B50800F19FB8 /* IQKeyboardManagerConstants.swift */; };
		E03B886221E4B50800F19FB8 /* IQKeyboardManager.bundle in Resources */ = {isa = PBXBuildFile; fileRef = E03B884F21E4B50800F19FB8 /* IQKeyboardManager.bundle */; };
		E03B886321E4B50800F19FB8 /* IQKeyboardReturnKeyHandler.swift in Sources */ = {isa = PBXBuildFile; fileRef = E03B885021E4B50800F19FB8 /* IQKeyboardReturnKeyHandler.swift */; };
		E03B886421E4B50800F19FB8 /* IQKeyboardManager.swift in Sources */ = {isa = PBXBuildFile; fileRef = E03B885121E4B50800F19FB8 /* IQKeyboardManager.swift */; };
		E03B886521E4B50800F19FB8 /* IQUIScrollView+Additions.swift in Sources */ = {isa = PBXBuildFile; fileRef = E03B885421E4B50800F19FB8 /* IQUIScrollView+Additions.swift */; };
		E03B886621E4B50800F19FB8 /* IQUIViewController+Additions.swift in Sources */ = {isa = PBXBuildFile; fileRef = E03B885521E4B50800F19FB8 /* IQUIViewController+Additions.swift */; };
		E03B886721E4B50800F19FB8 /* IQUITextFieldView+Additions.swift in Sources */ = {isa = PBXBuildFile; fileRef = E03B885621E4B50800F19FB8 /* IQUITextFieldView+Additions.swift */; };
		E03B886821E4B50800F19FB8 /* IQUIView+Hierarchy.swift in Sources */ = {isa = PBXBuildFile; fileRef = E03B885721E4B50800F19FB8 /* IQUIView+Hierarchy.swift */; };
		E03B886921E4B50800F19FB8 /* IQNSArray+Sort.swift in Sources */ = {isa = PBXBuildFile; fileRef = E03B885821E4B50800F19FB8 /* IQNSArray+Sort.swift */; };
		E048BDBB21BEB1B200C39A09 /* UserChangePasswordVC.swift in Sources */ = {isa = PBXBuildFile; fileRef = E048BDBA21BEB1B200C39A09 /* UserChangePasswordVC.swift */; };
		E081239621F35C6C0013EF62 /* CamaraVC.swift in Sources */ = {isa = PBXBuildFile; fileRef = E081239521F35C6C0013EF62 /* CamaraVC.swift */; };
		E081239821F3643A0013EF62 /* PreviewVC.swift in Sources */ = {isa = PBXBuildFile; fileRef = E081239721F3643A0013EF62 /* PreviewVC.swift */; };
		E0BD9F9321D8C1BB007132D4 /* Assets.xcassets in Resources */ = {isa = PBXBuildFile; fileRef = E0BD9F9221D8C1BB007132D4 /* Assets.xcassets */; };
		E0CA96E321C644E3006D0F3B /* Alamofire.framework in Frameworks */ = {isa = PBXBuildFile; fileRef = E0CA96E221C644E3006D0F3B /* Alamofire.framework */; settings = {ATTRIBUTES = (Required, ); }; };
		E0EC5F1021BCE0CF00B8C3BF /* UserProfileVC.swift in Sources */ = {isa = PBXBuildFile; fileRef = E0EC5F0F21BCE0CF00B8C3BF /* UserProfileVC.swift */; };
		E0F2D0E221C7C021006D2484 /* Constants.swift in Sources */ = {isa = PBXBuildFile; fileRef = E0F2D0E121C7C021006D2484 /* Constants.swift */; };
		E0FD601D21C3C9C300D94A7C /* Location.swift in Sources */ = {isa = PBXBuildFile; fileRef = E0FD601C21C3C9C200D94A7C /* Location.swift */; };
		E0FD601F21C3C9F300D94A7C /* LocationStorage.swift in Sources */ = {isa = PBXBuildFile; fileRef = E0FD601E21C3C9F300D94A7C /* LocationStorage.swift */; };
		F9159EAC21A0455A001439BC /* CoreLocation.framework in Frameworks */ = {isa = PBXBuildFile; fileRef = F9159EAB21A0455A001439BC /* CoreLocation.framework */; };
		F9159EAE21A04C29001439BC /* blueNav.png in Resources */ = {isa = PBXBuildFile; fileRef = F9159EAD21A04C28001439BC /* blueNav.png */; };
		F9159EB121A04D50001439BC /* nav@2x.png in Resources */ = {isa = PBXBuildFile; fileRef = F9159EAF21A04D4F001439BC /* nav@2x.png */; };
		F9159EB221A04D50001439BC /* nav@1x.png in Resources */ = {isa = PBXBuildFile; fileRef = F9159EB021A04D50001439BC /* nav@1x.png */; };
		F9159EB421A04D88001439BC /* navs.png in Resources */ = {isa = PBXBuildFile; fileRef = F9159EB321A04D88001439BC /* navs.png */; };
		F9159EB621A05C4F001439BC /* ChangePasswordVC.swift in Sources */ = {isa = PBXBuildFile; fileRef = F9159EB521A05C4F001439BC /* ChangePasswordVC.swift */; };
		F9159EB821A05C5E001439BC /* ForgotPasswordVC.swift in Sources */ = {isa = PBXBuildFile; fileRef = F9159EB721A05C5E001439BC /* ForgotPasswordVC.swift */; };
		F9159EBB21A12E87001439BC /* sv@2x.png in Resources */ = {isa = PBXBuildFile; fileRef = F9159EB921A12E86001439BC /* sv@2x.png */; };
		F9159EBC21A12E87001439BC /* sv.png in Resources */ = {isa = PBXBuildFile; fileRef = F9159EBA21A12E87001439BC /* sv.png */; };
		F9159EBF21A12EB2001439BC /* tv.png in Resources */ = {isa = PBXBuildFile; fileRef = F9159EBD21A12EB2001439BC /* tv.png */; };
		F9159EC021A12EB2001439BC /* tv@2x.png in Resources */ = {isa = PBXBuildFile; fileRef = F9159EBE21A12EB2001439BC /* tv@2x.png */; };
		F9159EC321A12F71001439BC /* mapPin@1x.png in Resources */ = {isa = PBXBuildFile; fileRef = F9159EC121A12F71001439BC /* mapPin@1x.png */; };
		F9159EC421A12F71001439BC /* mapPin@2x.png in Resources */ = {isa = PBXBuildFile; fileRef = F9159EC221A12F71001439BC /* mapPin@2x.png */; };
		F9159EC821A1303E001439BC /* marker@2x.png in Resources */ = {isa = PBXBuildFile; fileRef = F9159EC521A1303E001439BC /* marker@2x.png */; };
		F9159EC921A1303E001439BC /* marker.png in Resources */ = {isa = PBXBuildFile; fileRef = F9159EC621A1303E001439BC /* marker.png */; };
		F9159ECA21A1303E001439BC /* marker@3x.png in Resources */ = {isa = PBXBuildFile; fileRef = F9159EC721A1303E001439BC /* marker@3x.png */; };
		F94DE1562184C053001C9DEE /* AppDelegate.swift in Sources */ = {isa = PBXBuildFile; fileRef = F94DE1552184C053001C9DEE /* AppDelegate.swift */; };
		F94DE15B2184C053001C9DEE /* Main.storyboard in Resources */ = {isa = PBXBuildFile; fileRef = F94DE1592184C053001C9DEE /* Main.storyboard */; };
		F94DE15E2184C053001C9DEE /* MoneyyBox.xcdatamodeld in Sources */ = {isa = PBXBuildFile; fileRef = F94DE15C2184C053001C9DEE /* MoneyyBox.xcdatamodeld */; };
		F94DE1632184C05A001C9DEE /* LaunchScreen.storyboard in Resources */ = {isa = PBXBuildFile; fileRef = F94DE1612184C05A001C9DEE /* LaunchScreen.storyboard */; };
		F94DE1722184C13B001C9DEE /* LoginVC.swift in Sources */ = {isa = PBXBuildFile; fileRef = F94DE1712184C13B001C9DEE /* LoginVC.swift */; };
		F94DE1742184C14B001C9DEE /* RegisterVC.swift in Sources */ = {isa = PBXBuildFile; fileRef = F94DE1732184C14B001C9DEE /* RegisterVC.swift */; };
		F94DE1762184C15B001C9DEE /* HomeVC.swift in Sources */ = {isa = PBXBuildFile; fileRef = F94DE1752184C15B001C9DEE /* HomeVC.swift */; };
		F94DE1782184C246001C9DEE /* WelcomeVC.swift in Sources */ = {isa = PBXBuildFile; fileRef = F94DE1772184C246001C9DEE /* WelcomeVC.swift */; };
		F94DE17D2184C4B9001C9DEE /* Rajdhani-Regular.ttf in Resources */ = {isa = PBXBuildFile; fileRef = F94DE1792184C4B7001C9DEE /* Rajdhani-Regular.ttf */; };
		F94DE17E2184C4B9001C9DEE /* Rajdhani-Medium.ttf in Resources */ = {isa = PBXBuildFile; fileRef = F94DE17A2184C4B8001C9DEE /* Rajdhani-Medium.ttf */; };
		F94DE17F2184C4B9001C9DEE /* Rajdhani-Bold.ttf in Resources */ = {isa = PBXBuildFile; fileRef = F94DE17B2184C4B9001C9DEE /* Rajdhani-Bold.ttf */; };
		F94DE1802184C4B9001C9DEE /* Rajdhani-SemiBold.ttf in Resources */ = {isa = PBXBuildFile; fileRef = F94DE17C2184C4B9001C9DEE /* Rajdhani-SemiBold.ttf */; };
		F94DE1882184C792001C9DEE /* mylocation.png in Resources */ = {isa = PBXBuildFile; fileRef = F94DE1822184C791001C9DEE /* mylocation.png */; };
		F94DE1892184C792001C9DEE /* setting.png in Resources */ = {isa = PBXBuildFile; fileRef = F94DE1832184C791001C9DEE /* setting.png */; };
		F94DE18A2184C792001C9DEE /* history.png in Resources */ = {isa = PBXBuildFile; fileRef = F94DE1842184C791001C9DEE /* history.png */; };
		F94DE18B2184C792001C9DEE /* logout.png in Resources */ = {isa = PBXBuildFile; fileRef = F94DE1852184C791001C9DEE /* logout.png */; };
		F94DE18C2184C792001C9DEE /* about.png in Resources */ = {isa = PBXBuildFile; fileRef = F94DE1862184C791001C9DEE /* about.png */; };
		F94DE18D2184C792001C9DEE /* contact.png in Resources */ = {isa = PBXBuildFile; fileRef = F94DE1872184C792001C9DEE /* contact.png */; };
		F94DE1912184C7BB001C9DEE /* splash.png in Resources */ = {isa = PBXBuildFile; fileRef = F94DE1902184C7BB001C9DEE /* splash.png */; };
		F94DE1932184C7CD001C9DEE /* logo.png in Resources */ = {isa = PBXBuildFile; fileRef = F94DE1922184C7CC001C9DEE /* logo.png */; };
		F94DE1952184C7E5001C9DEE /* loginicon.png in Resources */ = {isa = PBXBuildFile; fileRef = F94DE1942184C7E5001C9DEE /* loginicon.png */; };
		F94DE1992184D58C001C9DEE /* PageViewController.swift in Sources */ = {isa = PBXBuildFile; fileRef = F94DE1972184D58C001C9DEE /* PageViewController.swift */; };
		F94DE19D2184E38C001C9DEE /* CPAlertAction.swift in Sources */ = {isa = PBXBuildFile; fileRef = F94DE19A2184E38C001C9DEE /* CPAlertAction.swift */; };
		F94DE19E2184E38C001C9DEE /* CPAlertVC.swift in Sources */ = {isa = PBXBuildFile; fileRef = F94DE19B2184E38C001C9DEE /* CPAlertVC.swift */; };
		F94DE19F2184E38C001C9DEE /* CPAlert.storyboard in Resources */ = {isa = PBXBuildFile; fileRef = F94DE19C2184E38C001C9DEE /* CPAlert.storyboard */; };
		F94DE1A42184E903001C9DEE /* menu.png in Resources */ = {isa = PBXBuildFile; fileRef = F94DE1A22184E903001C9DEE /* menu.png */; };
		F94DE1A52184E903001C9DEE /* menu1.png in Resources */ = {isa = PBXBuildFile; fileRef = F94DE1A32184E903001C9DEE /* menu1.png */; };
		F94DE1A92184E9F5001C9DEE /* Back.png in Resources */ = {isa = PBXBuildFile; fileRef = F94DE1A62184E9F4001C9DEE /* Back.png */; };
		F94DE1AA2184E9F5001C9DEE /* Back@2x.png in Resources */ = {isa = PBXBuildFile; fileRef = F94DE1A72184E9F4001C9DEE /* Back@2x.png */; };
		F94DE1AB2184E9F5001C9DEE /* Back@3x.png in Resources */ = {isa = PBXBuildFile; fileRef = F94DE1A82184E9F4001C9DEE /* Back@3x.png */; };
		F94DE1B02184F22E001C9DEE /* BaseViewController.swift in Sources */ = {isa = PBXBuildFile; fileRef = F94DE1AE2184F22E001C9DEE /* BaseViewController.swift */; };
		F94DE1B12184F22E001C9DEE /* MenuViewController.swift in Sources */ = {isa = PBXBuildFile; fileRef = F94DE1AF2184F22E001C9DEE /* MenuViewController.swift */; };
/* End PBXBuildFile section */

/* Begin PBXFileReference section */
		401904A3EEE629B4C174B12C /* Pods-MoneyyBox.debug.xcconfig */ = {isa = PBXFileReference; includeInIndex = 1; lastKnownFileType = text.xcconfig; name = "Pods-MoneyyBox.debug.xcconfig"; path = "Pods/Target Support Files/Pods-MoneyyBox/Pods-MoneyyBox.debug.xcconfig"; sourceTree = "<group>"; };
		E011FBD221F4FD9400763575 /* iconfinder_control-record-circle.png */ = {isa = PBXFileReference; lastKnownFileType = image.png; path = "iconfinder_control-record-circle.png"; sourceTree = "<group>"; };
		E011FBD421F501E800763575 /* iconfinder_Camera.png */ = {isa = PBXFileReference; lastKnownFileType = image.png; path = iconfinder_Camera.png; sourceTree = "<group>"; };
		E03908D921D76B9700BFBB6E /* StoreKit.framework */ = {isa = PBXFileReference; lastKnownFileType = wrapper.framework; name = StoreKit.framework; path = System/Library/Frameworks/StoreKit.framework; sourceTree = SDKROOT; };
		E03B884321E4B50800F19FB8 /* IQTextView.swift */ = {isa = PBXFileReference; fileEncoding = 4; lastKnownFileType = sourcecode.swift; path = IQTextView.swift; sourceTree = "<group>"; };
		E03B884521E4B50800F19FB8 /* IQPreviousNextView.swift */ = {isa = PBXFileReference; fileEncoding = 4; lastKnownFileType = sourcecode.swift; path = IQPreviousNextView.swift; sourceTree = "<group>"; };
		E03B884621E4B50800F19FB8 /* IQTitleBarButtonItem.swift */ = {isa = PBXFileReference; fileEncoding = 4; lastKnownFileType = sourcecode.swift; path = IQTitleBarButtonItem.swift; sourceTree = "<group>"; };
		E03B884721E4B50800F19FB8 /* IQBarButtonItem.swift */ = {isa = PBXFileReference; fileEncoding = 4; lastKnownFileType = sourcecode.swift; path = IQBarButtonItem.swift; sourceTree = "<group>"; };
		E03B884821E4B50800F19FB8 /* IQToolbar.swift */ = {isa = PBXFileReference; fileEncoding = 4; lastKnownFileType = sourcecode.swift; path = IQToolbar.swift; sourceTree = "<group>"; };
		E03B884921E4B50800F19FB8 /* IQUIView+IQKeyboardToolbar.swift */ = {isa = PBXFileReference; fileEncoding = 4; lastKnownFileType = sourcecode.swift; path = "IQUIView+IQKeyboardToolbar.swift"; sourceTree = "<group>"; };
		E03B884A21E4B50800F19FB8 /* IQInvocation.swift */ = {isa = PBXFileReference; fileEncoding = 4; lastKnownFileType = sourcecode.swift; path = IQInvocation.swift; sourceTree = "<group>"; };
		E03B884C21E4B50800F19FB8 /* IQKeyboardManagerConstantsInternal.swift */ = {isa = PBXFileReference; fileEncoding = 4; lastKnownFileType = sourcecode.swift; path = IQKeyboardManagerConstantsInternal.swift; sourceTree = "<group>"; };
		E03B884D21E4B50800F19FB8 /* IQKeyboardManagerConstants.swift */ = {isa = PBXFileReference; fileEncoding = 4; lastKnownFileType = sourcecode.swift; path = IQKeyboardManagerConstants.swift; sourceTree = "<group>"; };
		E03B884F21E4B50800F19FB8 /* IQKeyboardManager.bundle */ = {isa = PBXFileReference; lastKnownFileType = "wrapper.plug-in"; path = IQKeyboardManager.bundle; sourceTree = "<group>"; };
		E03B885021E4B50800F19FB8 /* IQKeyboardReturnKeyHandler.swift */ = {isa = PBXFileReference; fileEncoding = 4; lastKnownFileType = sourcecode.swift; path = IQKeyboardReturnKeyHandler.swift; sourceTree = "<group>"; };
		E03B885121E4B50800F19FB8 /* IQKeyboardManager.swift */ = {isa = PBXFileReference; fileEncoding = 4; lastKnownFileType = sourcecode.swift; path = IQKeyboardManager.swift; sourceTree = "<group>"; };
		E03B885221E4B50800F19FB8 /* IQKeyboardManagerSwift.h */ = {isa = PBXFileReference; fileEncoding = 4; lastKnownFileType = sourcecode.c.h; path = IQKeyboardManagerSwift.h; sourceTree = "<group>"; };
		E03B885421E4B50800F19FB8 /* IQUIScrollView+Additions.swift */ = {isa = PBXFileReference; fileEncoding = 4; lastKnownFileType = sourcecode.swift; path = "IQUIScrollView+Additions.swift"; sourceTree = "<group>"; };
		E03B885521E4B50800F19FB8 /* IQUIViewController+Additions.swift */ = {isa = PBXFileReference; fileEncoding = 4; lastKnownFileType = sourcecode.swift; path = "IQUIViewController+Additions.swift"; sourceTree = "<group>"; };
		E03B885621E4B50800F19FB8 /* IQUITextFieldView+Additions.swift */ = {isa = PBXFileReference; fileEncoding = 4; lastKnownFileType = sourcecode.swift; path = "IQUITextFieldView+Additions.swift"; sourceTree = "<group>"; };
		E03B885721E4B50800F19FB8 /* IQUIView+Hierarchy.swift */ = {isa = PBXFileReference; fileEncoding = 4; lastKnownFileType = sourcecode.swift; path = "IQUIView+Hierarchy.swift"; sourceTree = "<group>"; };
		E03B885821E4B50800F19FB8 /* IQNSArray+Sort.swift */ = {isa = PBXFileReference; fileEncoding = 4; lastKnownFileType = sourcecode.swift; path = "IQNSArray+Sort.swift"; sourceTree = "<group>"; };
		E048BDBA21BEB1B200C39A09 /* UserChangePasswordVC.swift */ = {isa = PBXFileReference; lastKnownFileType = sourcecode.swift; path = UserChangePasswordVC.swift; sourceTree = "<group>"; };
		E081239521F35C6C0013EF62 /* CamaraVC.swift */ = {isa = PBXFileReference; lastKnownFileType = sourcecode.swift; path = CamaraVC.swift; sourceTree = "<group>"; };
		E081239721F3643A0013EF62 /* PreviewVC.swift */ = {isa = PBXFileReference; lastKnownFileType = sourcecode.swift; path = PreviewVC.swift; sourceTree = "<group>"; };
		E0BD9F9221D8C1BB007132D4 /* Assets.xcassets */ = {isa = PBXFileReference; lastKnownFileType = folder.assetcatalog; path = Assets.xcassets; sourceTree = "<group>"; };
		E0CA96E221C644E3006D0F3B /* Alamofire.framework */ = {isa = PBXFileReference; explicitFileType = wrapper.framework; path = Alamofire.framework; sourceTree = BUILT_PRODUCTS_DIR; };
		E0D9879A21C6434F00ED07C2 /* Alamofire.framework */ = {isa = PBXFileReference; explicitFileType = wrapper.framework; path = Alamofire.framework; sourceTree = BUILT_PRODUCTS_DIR; };
		E0EC5F0F21BCE0CF00B8C3BF /* UserProfileVC.swift */ = {isa = PBXFileReference; lastKnownFileType = sourcecode.swift; path = UserProfileVC.swift; sourceTree = "<group>"; };
		E0F2D0E121C7C021006D2484 /* Constants.swift */ = {isa = PBXFileReference; lastKnownFileType = sourcecode.swift; path = Constants.swift; sourceTree = "<group>"; };
		E0FD601C21C3C9C200D94A7C /* Location.swift */ = {isa = PBXFileReference; lastKnownFileType = sourcecode.swift; path = Location.swift; sourceTree = "<group>"; };
		E0FD601E21C3C9F300D94A7C /* LocationStorage.swift */ = {isa = PBXFileReference; lastKnownFileType = sourcecode.swift; path = LocationStorage.swift; sourceTree = "<group>"; };
		E6799A4D8354644CCF7BA8C9 /* Pods-MoneyyBox.release.xcconfig */ = {isa = PBXFileReference; includeInIndex = 1; lastKnownFileType = text.xcconfig; name = "Pods-MoneyyBox.release.xcconfig"; path = "Pods/Target Support Files/Pods-MoneyyBox/Pods-MoneyyBox.release.xcconfig"; sourceTree = "<group>"; };
		E9AE6E95C61DC56743EFC8B1 /* Pods_MoneyyBox.framework */ = {isa = PBXFileReference; explicitFileType = wrapper.framework; includeInIndex = 0; path = Pods_MoneyyBox.framework; sourceTree = BUILT_PRODUCTS_DIR; };
		F9159EAB21A0455A001439BC /* CoreLocation.framework */ = {isa = PBXFileReference; lastKnownFileType = wrapper.framework; name = CoreLocation.framework; path = System/Library/Frameworks/CoreLocation.framework; sourceTree = SDKROOT; };
		F9159EAD21A04C28001439BC /* blueNav.png */ = {isa = PBXFileReference; lastKnownFileType = image.png; path = blueNav.png; sourceTree = "<group>"; };
		F9159EAF21A04D4F001439BC /* nav@2x.png */ = {isa = PBXFileReference; lastKnownFileType = image.png; path = "nav@2x.png"; sourceTree = "<group>"; };
		F9159EB021A04D50001439BC /* nav@1x.png */ = {isa = PBXFileReference; lastKnownFileType = image.png; path = "nav@1x.png"; sourceTree = "<group>"; };
		F9159EB321A04D88001439BC /* navs.png */ = {isa = PBXFileReference; lastKnownFileType = image.png; path = navs.png; sourceTree = "<group>"; };
		F9159EB521A05C4F001439BC /* ChangePasswordVC.swift */ = {isa = PBXFileReference; lastKnownFileType = sourcecode.swift; path = ChangePasswordVC.swift; sourceTree = "<group>"; };
		F9159EB721A05C5E001439BC /* ForgotPasswordVC.swift */ = {isa = PBXFileReference; lastKnownFileType = sourcecode.swift; path = ForgotPasswordVC.swift; sourceTree = "<group>"; };
		F9159EB921A12E86001439BC /* sv@2x.png */ = {isa = PBXFileReference; lastKnownFileType = image.png; path = "sv@2x.png"; sourceTree = "<group>"; };
		F9159EBA21A12E87001439BC /* sv.png */ = {isa = PBXFileReference; lastKnownFileType = image.png; path = sv.png; sourceTree = "<group>"; };
		F9159EBD21A12EB2001439BC /* tv.png */ = {isa = PBXFileReference; lastKnownFileType = image.png; path = tv.png; sourceTree = "<group>"; };
		F9159EBE21A12EB2001439BC /* tv@2x.png */ = {isa = PBXFileReference; lastKnownFileType = image.png; path = "tv@2x.png"; sourceTree = "<group>"; };
		F9159EC121A12F71001439BC /* mapPin@1x.png */ = {isa = PBXFileReference; lastKnownFileType = image.png; path = "mapPin@1x.png"; sourceTree = "<group>"; };
		F9159EC221A12F71001439BC /* mapPin@2x.png */ = {isa = PBXFileReference; lastKnownFileType = image.png; path = "mapPin@2x.png"; sourceTree = "<group>"; };
		F9159EC521A1303E001439BC /* marker@2x.png */ = {isa = PBXFileReference; lastKnownFileType = image.png; path = "marker@2x.png"; sourceTree = "<group>"; };
		F9159EC621A1303E001439BC /* marker.png */ = {isa = PBXFileReference; lastKnownFileType = image.png; path = marker.png; sourceTree = "<group>"; };
		F9159EC721A1303E001439BC /* marker@3x.png */ = {isa = PBXFileReference; lastKnownFileType = image.png; path = "marker@3x.png"; sourceTree = "<group>"; };
		F94DE1522184C053001C9DEE /* MoneyyBox.app */ = {isa = PBXFileReference; explicitFileType = wrapper.application; includeInIndex = 0; path = MoneyyBox.app; sourceTree = BUILT_PRODUCTS_DIR; };
		F94DE1552184C053001C9DEE /* AppDelegate.swift */ = {isa = PBXFileReference; lastKnownFileType = sourcecode.swift; path = AppDelegate.swift; sourceTree = "<group>"; };
		F94DE15A2184C053001C9DEE /* Base */ = {isa = PBXFileReference; lastKnownFileType = file.storyboard; name = Base; path = Base.lproj/Main.storyboard; sourceTree = "<group>"; };
		F94DE15D2184C053001C9DEE /* MoneyyBox.xcdatamodel */ = {isa = PBXFileReference; lastKnownFileType = wrapper.xcdatamodel; path = MoneyyBox.xcdatamodel; sourceTree = "<group>"; };
		F94DE1622184C05A001C9DEE /* Base */ = {isa = PBXFileReference; lastKnownFileType = file.storyboard; name = Base; path = Base.lproj/LaunchScreen.storyboard; sourceTree = "<group>"; };
		F94DE1642184C05A001C9DEE /* Info.plist */ = {isa = PBXFileReference; lastKnownFileType = text.plist.xml; path = Info.plist; sourceTree = "<group>"; };
		F94DE1712184C13B001C9DEE /* LoginVC.swift */ = {isa = PBXFileReference; lastKnownFileType = sourcecode.swift; path = LoginVC.swift; sourceTree = "<group>"; };
		F94DE1732184C14B001C9DEE /* RegisterVC.swift */ = {isa = PBXFileReference; lastKnownFileType = sourcecode.swift; path = RegisterVC.swift; sourceTree = "<group>"; };
		F94DE1752184C15B001C9DEE /* HomeVC.swift */ = {isa = PBXFileReference; lastKnownFileType = sourcecode.swift; path = HomeVC.swift; sourceTree = "<group>"; };
		F94DE1772184C246001C9DEE /* WelcomeVC.swift */ = {isa = PBXFileReference; lastKnownFileType = sourcecode.swift; path = WelcomeVC.swift; sourceTree = "<group>"; };
		F94DE1792184C4B7001C9DEE /* Rajdhani-Regular.ttf */ = {isa = PBXFileReference; lastKnownFileType = file; path = "Rajdhani-Regular.ttf"; sourceTree = "<group>"; };
		F94DE17A2184C4B8001C9DEE /* Rajdhani-Medium.ttf */ = {isa = PBXFileReference; lastKnownFileType = file; path = "Rajdhani-Medium.ttf"; sourceTree = "<group>"; };
		F94DE17B2184C4B9001C9DEE /* Rajdhani-Bold.ttf */ = {isa = PBXFileReference; lastKnownFileType = file; path = "Rajdhani-Bold.ttf"; sourceTree = "<group>"; };
		F94DE17C2184C4B9001C9DEE /* Rajdhani-SemiBold.ttf */ = {isa = PBXFileReference; lastKnownFileType = file; path = "Rajdhani-SemiBold.ttf"; sourceTree = "<group>"; };
		F94DE1822184C791001C9DEE /* mylocation.png */ = {isa = PBXFileReference; lastKnownFileType = image.png; path = mylocation.png; sourceTree = "<group>"; };
		F94DE1832184C791001C9DEE /* setting.png */ = {isa = PBXFileReference; lastKnownFileType = image.png; path = setting.png; sourceTree = "<group>"; };
		F94DE1842184C791001C9DEE /* history.png */ = {isa = PBXFileReference; lastKnownFileType = image.png; path = history.png; sourceTree = "<group>"; };
		F94DE1852184C791001C9DEE /* logout.png */ = {isa = PBXFileReference; lastKnownFileType = image.png; path = logout.png; sourceTree = "<group>"; };
		F94DE1862184C791001C9DEE /* about.png */ = {isa = PBXFileReference; lastKnownFileType = image.png; path = about.png; sourceTree = "<group>"; };
		F94DE1872184C792001C9DEE /* contact.png */ = {isa = PBXFileReference; lastKnownFileType = image.png; path = contact.png; sourceTree = "<group>"; };
		F94DE1902184C7BB001C9DEE /* splash.png */ = {isa = PBXFileReference; lastKnownFileType = image.png; path = splash.png; sourceTree = "<group>"; };
		F94DE1922184C7CC001C9DEE /* logo.png */ = {isa = PBXFileReference; lastKnownFileType = image.png; path = logo.png; sourceTree = "<group>"; };
		F94DE1942184C7E5001C9DEE /* loginicon.png */ = {isa = PBXFileReference; lastKnownFileType = image.png; path = loginicon.png; sourceTree = "<group>"; };
		F94DE1972184D58C001C9DEE /* PageViewController.swift */ = {isa = PBXFileReference; fileEncoding = 4; lastKnownFileType = sourcecode.swift; path = PageViewController.swift; sourceTree = "<group>"; };
		F94DE19A2184E38C001C9DEE /* CPAlertAction.swift */ = {isa = PBXFileReference; fileEncoding = 4; lastKnownFileType = sourcecode.swift; path = CPAlertAction.swift; sourceTree = "<group>"; };
		F94DE19B2184E38C001C9DEE /* CPAlertVC.swift */ = {isa = PBXFileReference; fileEncoding = 4; lastKnownFileType = sourcecode.swift; path = CPAlertVC.swift; sourceTree = "<group>"; };
		F94DE19C2184E38C001C9DEE /* CPAlert.storyboard */ = {isa = PBXFileReference; fileEncoding = 4; lastKnownFileType = file.storyboard; path = CPAlert.storyboard; sourceTree = "<group>"; };
		F94DE1A22184E903001C9DEE /* menu.png */ = {isa = PBXFileReference; lastKnownFileType = image.png; path = menu.png; sourceTree = "<group>"; };
		F94DE1A32184E903001C9DEE /* menu1.png */ = {isa = PBXFileReference; lastKnownFileType = image.png; path = menu1.png; sourceTree = "<group>"; };
		F94DE1A62184E9F4001C9DEE /* Back.png */ = {isa = PBXFileReference; lastKnownFileType = image.png; path = Back.png; sourceTree = "<group>"; };
		F94DE1A72184E9F4001C9DEE /* Back@2x.png */ = {isa = PBXFileReference; lastKnownFileType = image.png; path = "Back@2x.png"; sourceTree = "<group>"; };
		F94DE1A82184E9F4001C9DEE /* Back@3x.png */ = {isa = PBXFileReference; lastKnownFileType = image.png; path = "Back@3x.png"; sourceTree = "<group>"; };
		F94DE1AE2184F22E001C9DEE /* BaseViewController.swift */ = {isa = PBXFileReference; fileEncoding = 4; lastKnownFileType = sourcecode.swift; path = BaseViewController.swift; sourceTree = "<group>"; };
		F94DE1AF2184F22E001C9DEE /* MenuViewController.swift */ = {isa = PBXFileReference; fileEncoding = 4; lastKnownFileType = sourcecode.swift; path = MenuViewController.swift; sourceTree = "<group>"; };
/* End PBXFileReference section */

/* Begin PBXFrameworksBuildPhase section */
		F94DE14F2184C053001C9DEE /* Frameworks */ = {
			isa = PBXFrameworksBuildPhase;
			buildActionMask = 2147483647;
			files = (
				E0CA96E321C644E3006D0F3B /* Alamofire.framework in Frameworks */,
				F9159EAC21A0455A001439BC /* CoreLocation.framework in Frameworks */,
				9FCB429A54A32A1F78F4071E /* Pods_MoneyyBox.framework in Frameworks */,
				E03908DA21D76B9700BFBB6E /* StoreKit.framework in Frameworks */,
			);
			runOnlyForDeploymentPostprocessing = 0;
		};
/* End PBXFrameworksBuildPhase section */

/* Begin PBXGroup section */
		2065B972FE77454ECAC00517 /* Frameworks */ = {
			isa = PBXGroup;
			children = (
				E03908D921D76B9700BFBB6E /* StoreKit.framework */,
				E0CA96E221C644E3006D0F3B /* Alamofire.framework */,
				E0D9879A21C6434F00ED07C2 /* Alamofire.framework */,
				F9159EAB21A0455A001439BC /* CoreLocation.framework */,
				E9AE6E95C61DC56743EFC8B1 /* Pods_MoneyyBox.framework */,
			);
			name = Frameworks;
			sourceTree = "<group>";
		};
		7E1BD6C06F4AD14F5363D97F /* Pods */ = {
			isa = PBXGroup;
			children = (
				401904A3EEE629B4C174B12C /* Pods-MoneyyBox.debug.xcconfig */,
				E6799A4D8354644CCF7BA8C9 /* Pods-MoneyyBox.release.xcconfig */,
			);
			name = Pods;
			sourceTree = "<group>";
		};
		E03B884121E4B50800F19FB8 /* IQKeyboardManagerSwift */ = {
			isa = PBXGroup;
			children = (
				E03B884221E4B50800F19FB8 /* IQTextView */,
				E03B884421E4B50800F19FB8 /* IQToolbar */,
				E03B884B21E4B50800F19FB8 /* Constants */,
				E03B884E21E4B50800F19FB8 /* Resources */,
				E03B885021E4B50800F19FB8 /* IQKeyboardReturnKeyHandler.swift */,
				E03B885121E4B50800F19FB8 /* IQKeyboardManager.swift */,
				E03B885221E4B50800F19FB8 /* IQKeyboardManagerSwift.h */,
				E03B885321E4B50800F19FB8 /* Categories */,
			);
			path = IQKeyboardManagerSwift;
			sourceTree = "<group>";
		};
		E03B884221E4B50800F19FB8 /* IQTextView */ = {
			isa = PBXGroup;
			children = (
				E03B884321E4B50800F19FB8 /* IQTextView.swift */,
			);
			path = IQTextView;
			sourceTree = "<group>";
		};
		E03B884421E4B50800F19FB8 /* IQToolbar */ = {
			isa = PBXGroup;
			children = (
				E03B884521E4B50800F19FB8 /* IQPreviousNextView.swift */,
				E03B884621E4B50800F19FB8 /* IQTitleBarButtonItem.swift */,
				E03B884721E4B50800F19FB8 /* IQBarButtonItem.swift */,
				E03B884821E4B50800F19FB8 /* IQToolbar.swift */,
				E03B884921E4B50800F19FB8 /* IQUIView+IQKeyboardToolbar.swift */,
				E03B884A21E4B50800F19FB8 /* IQInvocation.swift */,
			);
			path = IQToolbar;
			sourceTree = "<group>";
		};
		E03B884B21E4B50800F19FB8 /* Constants */ = {
			isa = PBXGroup;
			children = (
				E03B884C21E4B50800F19FB8 /* IQKeyboardManagerConstantsInternal.swift */,
				E03B884D21E4B50800F19FB8 /* IQKeyboardManagerConstants.swift */,
			);
			path = Constants;
			sourceTree = "<group>";
		};
		E03B884E21E4B50800F19FB8 /* Resources */ = {
			isa = PBXGroup;
			children = (
				E03B884F21E4B50800F19FB8 /* IQKeyboardManager.bundle */,
			);
			path = Resources;
			sourceTree = "<group>";
		};
		E03B885321E4B50800F19FB8 /* Categories */ = {
			isa = PBXGroup;
			children = (
				E03B885421E4B50800F19FB8 /* IQUIScrollView+Additions.swift */,
				E03B885521E4B50800F19FB8 /* IQUIViewController+Additions.swift */,
				E03B885621E4B50800F19FB8 /* IQUITextFieldView+Additions.swift */,
				E03B885721E4B50800F19FB8 /* IQUIView+Hierarchy.swift */,
				E03B885821E4B50800F19FB8 /* IQNSArray+Sort.swift */,
			);
			path = Categories;
			sourceTree = "<group>";
		};
		F94DE1492184C053001C9DEE = {
			isa = PBXGroup;
			children = (
				F94DE1542184C053001C9DEE /* MoneyyBox */,
				F94DE1532184C053001C9DEE /* Products */,
				7E1BD6C06F4AD14F5363D97F /* Pods */,
				2065B972FE77454ECAC00517 /* Frameworks */,
			);
			sourceTree = "<group>";
		};
		F94DE1532184C053001C9DEE /* Products */ = {
			isa = PBXGroup;
			children = (
				F94DE1522184C053001C9DEE /* MoneyyBox.app */,
			);
			name = Products;
			sourceTree = "<group>";
		};
		F94DE1542184C053001C9DEE /* MoneyyBox */ = {
			isa = PBXGroup;
			children = (
				E03B884121E4B50800F19FB8 /* IQKeyboardManagerSwift */,
				F94DE16F2184C106001C9DEE /* Libraries */,
				F94DE16E2184C100001C9DEE /* Images */,
				F94DE16D2184C0F9001C9DEE /* Icon */,
				F94DE16B2184C0EC001C9DEE /* View */,
				F94DE16A2184C0E0001C9DEE /* Controller */,
				F94DE17B2184C4B9001C9DEE /* Rajdhani-Bold.ttf */,
				F94DE17A2184C4B8001C9DEE /* Rajdhani-Medium.ttf */,
				F94DE1792184C4B7001C9DEE /* Rajdhani-Regular.ttf */,
				F94DE17C2184C4B9001C9DEE /* Rajdhani-SemiBold.ttf */,
				F94DE1612184C05A001C9DEE /* LaunchScreen.storyboard */,
				F94DE1642184C05A001C9DEE /* Info.plist */,
				F94DE15C2184C053001C9DEE /* MoneyyBox.xcdatamodeld */,
				E0BD9F9221D8C1BB007132D4 /* Assets.xcassets */,
			);
			path = MoneyyBox;
			sourceTree = "<group>";
		};
		F94DE16A2184C0E0001C9DEE /* Controller */ = {
			isa = PBXGroup;
			children = (
				F94DE1552184C053001C9DEE /* AppDelegate.swift */,
				F94DE1972184D58C001C9DEE /* PageViewController.swift */,
				F94DE1772184C246001C9DEE /* WelcomeVC.swift */,
				F94DE1712184C13B001C9DEE /* LoginVC.swift */,
				F94DE1732184C14B001C9DEE /* RegisterVC.swift */,
				F94DE1752184C15B001C9DEE /* HomeVC.swift */,
				F9159EB521A05C4F001439BC /* ChangePasswordVC.swift */,
				F9159EB721A05C5E001439BC /* ForgotPasswordVC.swift */,
				E0EC5F0F21BCE0CF00B8C3BF /* UserProfileVC.swift */,
				E048BDBA21BEB1B200C39A09 /* UserChangePasswordVC.swift */,
				E0FD601C21C3C9C200D94A7C /* Location.swift */,
				E0FD601E21C3C9F300D94A7C /* LocationStorage.swift */,
				E081239521F35C6C0013EF62 /* CamaraVC.swift */,
				E081239721F3643A0013EF62 /* PreviewVC.swift */,
			);
			path = Controller;
			sourceTree = "<group>";
		};
		F94DE16B2184C0EC001C9DEE /* View */ = {
			isa = PBXGroup;
			children = (
				F94DE1592184C053001C9DEE /* Main.storyboard */,
			);
			path = View;
			sourceTree = "<group>";
		};
		F94DE16D2184C0F9001C9DEE /* Icon */ = {
			isa = PBXGroup;
			children = (
				F94DE1812184C784001C9DEE /* Drawer */,
				F94DE18F2184C7A6001C9DEE /* Login */,
				F94DE18E2184C799001C9DEE /* Splash */,
			);
			path = Icon;
			sourceTree = "<group>";
		};
		F94DE16E2184C100001C9DEE /* Images */ = {
			isa = PBXGroup;
			children = (
				F9159EC621A1303E001439BC /* marker.png */,
				F9159EC521A1303E001439BC /* marker@2x.png */,
				F9159EC721A1303E001439BC /* marker@3x.png */,
				F9159EC121A12F71001439BC /* mapPin@1x.png */,
				F9159EC221A12F71001439BC /* mapPin@2x.png */,
				F9159EBD21A12EB2001439BC /* tv.png */,
				F9159EBE21A12EB2001439BC /* tv@2x.png */,
				F9159EB321A04D88001439BC /* navs.png */,
				F9159EBA21A12E87001439BC /* sv.png */,
				F9159EB921A12E86001439BC /* sv@2x.png */,
				F9159EB021A04D50001439BC /* nav@1x.png */,
				F9159EAF21A04D4F001439BC /* nav@2x.png */,
				F9159EAD21A04C28001439BC /* blueNav.png */,
			);
			path = Images;
			sourceTree = "<group>";
		};
		F94DE16F2184C106001C9DEE /* Libraries */ = {
			isa = PBXGroup;
			children = (
				F94DE19C2184E38C001C9DEE /* CPAlert.storyboard */,
				F94DE19A2184E38C001C9DEE /* CPAlertAction.swift */,
				F94DE19B2184E38C001C9DEE /* CPAlertVC.swift */,
				F94DE1AE2184F22E001C9DEE /* BaseViewController.swift */,
				F94DE1AF2184F22E001C9DEE /* MenuViewController.swift */,
				E0F2D0E121C7C021006D2484 /* Constants.swift */,
			);
			path = Libraries;
			sourceTree = "<group>";
		};
		F94DE1812184C784001C9DEE /* Drawer */ = {
			isa = PBXGroup;
			children = (
				E011FBD421F501E800763575 /* iconfinder_Camera.png */,
				E011FBD221F4FD9400763575 /* iconfinder_control-record-circle.png */,
				F94DE1A22184E903001C9DEE /* menu.png */,
				F94DE1A32184E903001C9DEE /* menu1.png */,
				F94DE1862184C791001C9DEE /* about.png */,
				F94DE1872184C792001C9DEE /* contact.png */,
				F94DE1842184C791001C9DEE /* history.png */,
				F94DE1852184C791001C9DEE /* logout.png */,
				F94DE1822184C791001C9DEE /* mylocation.png */,
				F94DE1832184C791001C9DEE /* setting.png */,
			);
			path = Drawer;
			sourceTree = "<group>";
		};
		F94DE18E2184C799001C9DEE /* Splash */ = {
			isa = PBXGroup;
			children = (
				F94DE1922184C7CC001C9DEE /* logo.png */,
				F94DE1902184C7BB001C9DEE /* splash.png */,
			);
			path = Splash;
			sourceTree = "<group>";
		};
		F94DE18F2184C7A6001C9DEE /* Login */ = {
			isa = PBXGroup;
			children = (
				F94DE1942184C7E5001C9DEE /* loginicon.png */,
				F94DE1A62184E9F4001C9DEE /* Back.png */,
				F94DE1A72184E9F4001C9DEE /* Back@2x.png */,
				F94DE1A82184E9F4001C9DEE /* Back@3x.png */,
			);
			path = Login;
			sourceTree = "<group>";
		};
/* End PBXGroup section */

/* Begin PBXNativeTarget section */
		F94DE1512184C053001C9DEE /* MoneyyBox */ = {
			isa = PBXNativeTarget;
			buildConfigurationList = F94DE1672184C05A001C9DEE /* Build configuration list for PBXNativeTarget "MoneyyBox" */;
			buildPhases = (
				C4852CF5DBDED3073A3D9277 /* [CP] Check Pods Manifest.lock */,
				F94DE14E2184C053001C9DEE /* Sources */,
				F94DE14F2184C053001C9DEE /* Frameworks */,
				F94DE1502184C053001C9DEE /* Resources */,
				A87CE5F222B032EC9642E51B /* [CP] Embed Pods Frameworks */,
				430D576B1901436FAA6CED83 /* [CP] Copy Pods Resources */,
			);
			buildRules = (
			);
			dependencies = (
			);
			name = MoneyyBox;
			productName = MoneyyBox;
			productReference = F94DE1522184C053001C9DEE /* MoneyyBox.app */;
			productType = "com.apple.product-type.application";
		};
/* End PBXNativeTarget section */

/* Begin PBXProject section */
		F94DE14A2184C053001C9DEE /* Project object */ = {
			isa = PBXProject;
			attributes = {
				LastSwiftUpdateCheck = 0940;
				LastUpgradeCheck = 0940;
				ORGANIZATIONNAME = FH;
				TargetAttributes = {
					F94DE1512184C053001C9DEE = {
						CreatedOnToolsVersion = 9.4;
						SystemCapabilities = {
							com.apple.BackgroundModes = {
								enabled = 1;
							};
							com.apple.InAppPurchase = {
								enabled = 1;
							};
						};
					};
				};
			};
			buildConfigurationList = F94DE14D2184C053001C9DEE /* Build configuration list for PBXProject "MoneyyBox" */;
			compatibilityVersion = "Xcode 9.3";
			developmentRegion = en;
			hasScannedForEncodings = 0;
			knownRegions = (
				en,
				Base,
			);
			mainGroup = F94DE1492184C053001C9DEE;
			productRefGroup = F94DE1532184C053001C9DEE /* Products */;
			projectDirPath = "";
			projectRoot = "";
			targets = (
				F94DE1512184C053001C9DEE /* MoneyyBox */,
			);
		};
/* End PBXProject section */

/* Begin PBXResourcesBuildPhase section */
		F94DE1502184C053001C9DEE /* Resources */ = {
			isa = PBXResourcesBuildPhase;
			buildActionMask = 2147483647;
			files = (
				F9159EC321A12F71001439BC /* mapPin@1x.png in Resources */,
				F94DE1882184C792001C9DEE /* mylocation.png in Resources */,
				E011FBD321F4FD9600763575 /* iconfinder_control-record-circle.png in Resources */,
				E011FBD521F501EB00763575 /* iconfinder_Camera.png in Resources */,
				F94DE1A52184E903001C9DEE /* menu1.png in Resources */,
				F94DE1802184C4B9001C9DEE /* Rajdhani-SemiBold.ttf in Resources */,
				E0BD9F9321D8C1BB007132D4 /* Assets.xcassets in Resources */,
				F94DE1A42184E903001C9DEE /* menu.png in Resources */,
				F94DE1952184C7E5001C9DEE /* loginicon.png in Resources */,
				F94DE18A2184C792001C9DEE /* history.png in Resources */,
				F94DE18D2184C792001C9DEE /* contact.png in Resources */,
				F94DE17F2184C4B9001C9DEE /* Rajdhani-Bold.ttf in Resources */,
				F94DE17D2184C4B9001C9DEE /* Rajdhani-Regular.ttf in Resources */,
				F94DE1632184C05A001C9DEE /* LaunchScreen.storyboard in Resources */,
				F94DE1892184C792001C9DEE /* setting.png in Resources */,
				F94DE19F2184E38C001C9DEE /* CPAlert.storyboard in Resources */,
				F9159EC821A1303E001439BC /* marker@2x.png in Resources */,
				F94DE1A92184E9F5001C9DEE /* Back.png in Resources */,
				F9159EB421A04D88001439BC /* navs.png in Resources */,
				F9159EC421A12F71001439BC /* mapPin@2x.png in Resources */,
				F94DE1912184C7BB001C9DEE /* splash.png in Resources */,
				F94DE18B2184C792001C9DEE /* logout.png in Resources */,
				F9159EC921A1303E001439BC /* marker.png in Resources */,
				F9159EBF21A12EB2001439BC /* tv.png in Resources */,
				F94DE1932184C7CD001C9DEE /* logo.png in Resources */,
				F9159EAE21A04C29001439BC /* blueNav.png in Resources */,
				F9159EBB21A12E87001439BC /* sv@2x.png in Resources */,
				F94DE17E2184C4B9001C9DEE /* Rajdhani-Medium.ttf in Resources */,
				E03B886221E4B50800F19FB8 /* IQKeyboardManager.bundle in Resources */,
				F94DE15B2184C053001C9DEE /* Main.storyboard in Resources */,
				F9159EB221A04D50001439BC /* nav@1x.png in Resources */,
				F9159EB121A04D50001439BC /* nav@2x.png in Resources */,
				F94DE1AA2184E9F5001C9DEE /* Back@2x.png in Resources */,
				F9159EC021A12EB2001439BC /* tv@2x.png in Resources */,
				F94DE1AB2184E9F5001C9DEE /* Back@3x.png in Resources */,
				F9159ECA21A1303E001439BC /* marker@3x.png in Resources */,
				F9159EBC21A12E87001439BC /* sv.png in Resources */,
				F94DE18C2184C792001C9DEE /* about.png in Resources */,
			);
			runOnlyForDeploymentPostprocessing = 0;
		};
/* End PBXResourcesBuildPhase section */

/* Begin PBXShellScriptBuildPhase section */
		430D576B1901436FAA6CED83 /* [CP] Copy Pods Resources */ = {
			isa = PBXShellScriptBuildPhase;
			buildActionMask = 2147483647;
			files = (
			);
			inputPaths = (
				"${SRCROOT}/Pods/Target Support Files/Pods-MoneyyBox/Pods-MoneyyBox-resources.sh",
				"${PODS_ROOT}/GoogleMaps/Maps/Frameworks/GoogleMaps.framework/Resources/GoogleMaps.bundle",
			);
			name = "[CP] Copy Pods Resources";
			outputPaths = (
				"${TARGET_BUILD_DIR}/${UNLOCALIZED_RESOURCES_FOLDER_PATH}/GoogleMaps.bundle",
			);
			runOnlyForDeploymentPostprocessing = 0;
			shellPath = /bin/sh;
			shellScript = "\"${SRCROOT}/Pods/Target Support Files/Pods-MoneyyBox/Pods-MoneyyBox-resources.sh\"\n";
			showEnvVarsInLog = 0;
		};
		A87CE5F222B032EC9642E51B /* [CP] Embed Pods Frameworks */ = {
			isa = PBXShellScriptBuildPhase;
			buildActionMask = 2147483647;
			files = (
			);
			inputPaths = (
				"${SRCROOT}/Pods/Target Support Files/Pods-MoneyyBox/Pods-MoneyyBox-frameworks.sh",
				"${BUILT_PRODUCTS_DIR}/Alamofire/Alamofire.framework",
				"${BUILT_PRODUCTS_DIR}/SDLoader/SDLoader.framework",
				"${BUILT_PRODUCTS_DIR}/SwiftyJSON/SwiftyJSON.framework",
				"${BUILT_PRODUCTS_DIR}/Toast-Swift/Toast_Swift.framework",
			);
			name = "[CP] Embed Pods Frameworks";
			outputPaths = (
				"${TARGET_BUILD_DIR}/${FRAMEWORKS_FOLDER_PATH}/Alamofire.framework",
				"${TARGET_BUILD_DIR}/${FRAMEWORKS_FOLDER_PATH}/SDLoader.framework",
				"${TARGET_BUILD_DIR}/${FRAMEWORKS_FOLDER_PATH}/SwiftyJSON.framework",
				"${TARGET_BUILD_DIR}/${FRAMEWORKS_FOLDER_PATH}/Toast_Swift.framework",
			);
			runOnlyForDeploymentPostprocessing = 0;
			shellPath = /bin/sh;
			shellScript = "\"${SRCROOT}/Pods/Target Support Files/Pods-MoneyyBox/Pods-MoneyyBox-frameworks.sh\"\n";
			showEnvVarsInLog = 0;
		};
		C4852CF5DBDED3073A3D9277 /* [CP] Check Pods Manifest.lock */ = {
			isa = PBXShellScriptBuildPhase;
			buildActionMask = 2147483647;
			files = (
			);
			inputPaths = (
				"${PODS_PODFILE_DIR_PATH}/Podfile.lock",
				"${PODS_ROOT}/Manifest.lock",
			);
			name = "[CP] Check Pods Manifest.lock";
			outputPaths = (
				"$(DERIVED_FILE_DIR)/Pods-MoneyyBox-checkManifestLockResult.txt",
			);
			runOnlyForDeploymentPostprocessing = 0;
			shellPath = /bin/sh;
			shellScript = "diff \"${PODS_PODFILE_DIR_PATH}/Podfile.lock\" \"${PODS_ROOT}/Manifest.lock\" > /dev/null\nif [ $? != 0 ] ; then\n    # print error to STDERR\n    echo \"error: The sandbox is not in sync with the Podfile.lock. Run 'pod install' or update your CocoaPods installation.\" >&2\n    exit 1\nfi\n# This output is used by Xcode 'outputs' to avoid re-running this script phase.\necho \"SUCCESS\" > \"${SCRIPT_OUTPUT_FILE_0}\"\n";
			showEnvVarsInLog = 0;
		};
/* End PBXShellScriptBuildPhase section */

/* Begin PBXSourcesBuildPhase section */
		F94DE14E2184C053001C9DEE /* Sources */ = {
			isa = PBXSourcesBuildPhase;
			buildActionMask = 2147483647;
			files = (
				F94DE15E2184C053001C9DEE /* MoneyyBox.xcdatamodeld in Sources */,
				E081239821F3643A0013EF62 /* PreviewVC.swift in Sources */,
				E03B886121E4B50800F19FB8 /* IQKeyboardManagerConstants.swift in Sources */,
				E03B886321E4B50800F19FB8 /* IQKeyboardReturnKeyHandler.swift in Sources */,
				F94DE1762184C15B001C9DEE /* HomeVC.swift in Sources */,
				E03B886921E4B50800F19FB8 /* IQNSArray+Sort.swift in Sources */,
				E081239621F35C6C0013EF62 /* CamaraVC.swift in Sources */,
				E03B885C21E4B50800F19FB8 /* IQBarButtonItem.swift in Sources */,
				E0FD601D21C3C9C300D94A7C /* Location.swift in Sources */,
				E03B886721E4B50800F19FB8 /* IQUITextFieldView+Additions.swift in Sources */,
				F94DE19D2184E38C001C9DEE /* CPAlertAction.swift in Sources */,
				F94DE1742184C14B001C9DEE /* RegisterVC.swift in Sources */,
				E03B885E21E4B50800F19FB8 /* IQUIView+IQKeyboardToolbar.swift in Sources */,
				F94DE1B02184F22E001C9DEE /* BaseViewController.swift in Sources */,
				E03B885B21E4B50800F19FB8 /* IQTitleBarButtonItem.swift in Sources */,
				E03B885D21E4B50800F19FB8 /* IQToolbar.swift in Sources */,
				F94DE1782184C246001C9DEE /* WelcomeVC.swift in Sources */,
				E03B886021E4B50800F19FB8 /* IQKeyboardManagerConstantsInternal.swift in Sources */,
				F9159EB621A05C4F001439BC /* ChangePasswordVC.swift in Sources */,
				F94DE1B12184F22E001C9DEE /* MenuViewController.swift in Sources */,
				F94DE1562184C053001C9DEE /* AppDelegate.swift in Sources */,
				E0EC5F1021BCE0CF00B8C3BF /* UserProfileVC.swift in Sources */,
				E0F2D0E221C7C021006D2484 /* Constants.swift in Sources */,
				F94DE1722184C13B001C9DEE /* LoginVC.swift in Sources */,
				F94DE19E2184E38C001C9DEE /* CPAlertVC.swift in Sources */,
				E03B886821E4B50800F19FB8 /* IQUIView+Hierarchy.swift in Sources */,
				F94DE1992184D58C001C9DEE /* PageViewController.swift in Sources */,
				E03B886621E4B50800F19FB8 /* IQUIViewController+Additions.swift in Sources */,
				E03B886421E4B50800F19FB8 /* IQKeyboardManager.swift in Sources */,
				E03B886521E4B50800F19FB8 /* IQUIScrollView+Additions.swift in Sources */,
				E03B885F21E4B50800F19FB8 /* IQInvocation.swift in Sources */,
				F9159EB821A05C5E001439BC /* ForgotPasswordVC.swift in Sources */,
				E03B885A21E4B50800F19FB8 /* IQPreviousNextView.swift in Sources */,
				E048BDBB21BEB1B200C39A09 /* UserChangePasswordVC.swift in Sources */,
				E03B885921E4B50800F19FB8 /* IQTextView.swift in Sources */,
				E0FD601F21C3C9F300D94A7C /* LocationStorage.swift in Sources */,
			);
			runOnlyForDeploymentPostprocessing = 0;
		};
/* End PBXSourcesBuildPhase section */

/* Begin PBXVariantGroup section */
		F94DE1592184C053001C9DEE /* Main.storyboard */ = {
			isa = PBXVariantGroup;
			children = (
				F94DE15A2184C053001C9DEE /* Base */,
			);
			name = Main.storyboard;
			sourceTree = "<group>";
		};
		F94DE1612184C05A001C9DEE /* LaunchScreen.storyboard */ = {
			isa = PBXVariantGroup;
			children = (
				F94DE1622184C05A001C9DEE /* Base */,
			);
			name = LaunchScreen.storyboard;
			sourceTree = "<group>";
		};
/* End PBXVariantGroup section */

/* Begin XCBuildConfiguration section */
		F94DE1652184C05A001C9DEE /* Debug */ = {
			isa = XCBuildConfiguration;
			buildSettings = {
				ALWAYS_SEARCH_USER_PATHS = NO;
				CLANG_ANALYZER_NONNULL = YES;
				CLANG_ANALYZER_NUMBER_OBJECT_CONVERSION = YES_AGGRESSIVE;
				CLANG_CXX_LANGUAGE_STANDARD = "gnu++14";
				CLANG_CXX_LIBRARY = "libc++";
				CLANG_ENABLE_MODULES = YES;
				CLANG_ENABLE_OBJC_ARC = YES;
				CLANG_ENABLE_OBJC_WEAK = YES;
				CLANG_WARN_BLOCK_CAPTURE_AUTORELEASING = YES;
				CLANG_WARN_BOOL_CONVERSION = YES;
				CLANG_WARN_COMMA = YES;
				CLANG_WARN_CONSTANT_CONVERSION = YES;
				CLANG_WARN_DEPRECATED_OBJC_IMPLEMENTATIONS = YES;
				CLANG_WARN_DIRECT_OBJC_ISA_USAGE = YES_ERROR;
				CLANG_WARN_DOCUMENTATION_COMMENTS = YES;
				CLANG_WARN_EMPTY_BODY = YES;
				CLANG_WARN_ENUM_CONVERSION = YES;
				CLANG_WARN_INFINITE_RECURSION = YES;
				CLANG_WARN_INT_CONVERSION = YES;
				CLANG_WARN_NON_LITERAL_NULL_CONVERSION = YES;
				CLANG_WARN_OBJC_IMPLICIT_RETAIN_SELF = YES;
				CLANG_WARN_OBJC_LITERAL_CONVERSION = YES;
				CLANG_WARN_OBJC_ROOT_CLASS = YES_ERROR;
				CLANG_WARN_RANGE_LOOP_ANALYSIS = YES;
				CLANG_WARN_STRICT_PROTOTYPES = YES;
				CLANG_WARN_SUSPICIOUS_MOVE = YES;
				CLANG_WARN_UNGUARDED_AVAILABILITY = YES_AGGRESSIVE;
				CLANG_WARN_UNREACHABLE_CODE = YES;
				CLANG_WARN__DUPLICATE_METHOD_MATCH = YES;
				CODE_SIGN_IDENTITY = "iPhone Developer";
				COPY_PHASE_STRIP = NO;
				DEBUG_INFORMATION_FORMAT = dwarf;
				ENABLE_STRICT_OBJC_MSGSEND = YES;
				ENABLE_TESTABILITY = YES;
				GCC_C_LANGUAGE_STANDARD = gnu11;
				GCC_DYNAMIC_NO_PIC = NO;
				GCC_NO_COMMON_BLOCKS = YES;
				GCC_OPTIMIZATION_LEVEL = 0;
				GCC_PREPROCESSOR_DEFINITIONS = (
					"DEBUG=1",
					"$(inherited)",
				);
				GCC_WARN_64_TO_32_BIT_CONVERSION = YES;
				GCC_WARN_ABOUT_RETURN_TYPE = YES_ERROR;
				GCC_WARN_UNDECLARED_SELECTOR = YES;
				GCC_WARN_UNINITIALIZED_AUTOS = YES_AGGRESSIVE;
				GCC_WARN_UNUSED_FUNCTION = YES;
				GCC_WARN_UNUSED_VARIABLE = YES;
				IPHONEOS_DEPLOYMENT_TARGET = 11.0;
				MTL_ENABLE_DEBUG_INFO = YES;
				ONLY_ACTIVE_ARCH = YES;
				SDKROOT = iphoneos;
				SWIFT_ACTIVE_COMPILATION_CONDITIONS = DEBUG;
				SWIFT_OPTIMIZATION_LEVEL = "-Onone";
			};
			name = Debug;
		};
		F94DE1662184C05A001C9DEE /* Release */ = {
			isa = XCBuildConfiguration;
			buildSettings = {
				ALWAYS_SEARCH_USER_PATHS = NO;
				CLANG_ANALYZER_NONNULL = YES;
				CLANG_ANALYZER_NUMBER_OBJECT_CONVERSION = YES_AGGRESSIVE;
				CLANG_CXX_LANGUAGE_STANDARD = "gnu++14";
				CLANG_CXX_LIBRARY = "libc++";
				CLANG_ENABLE_MODULES = YES;
				CLANG_ENABLE_OBJC_ARC = YES;
				CLANG_ENABLE_OBJC_WEAK = YES;
				CLANG_WARN_BLOCK_CAPTURE_AUTORELEASING = YES;
				CLANG_WARN_BOOL_CONVERSION = YES;
				CLANG_WARN_COMMA = YES;
				CLANG_WARN_CONSTANT_CONVERSION = YES;
				CLANG_WARN_DEPRECATED_OBJC_IMPLEMENTATIONS = YES;
				CLANG_WARN_DIRECT_OBJC_ISA_USAGE = YES_ERROR;
				CLANG_WARN_DOCUMENTATION_COMMENTS = YES;
				CLANG_WARN_EMPTY_BODY = YES;
				CLANG_WARN_ENUM_CONVERSION = YES;
				CLANG_WARN_INFINITE_RECURSION = YES;
				CLANG_WARN_INT_CONVERSION = YES;
				CLANG_WARN_NON_LITERAL_NULL_CONVERSION = YES;
				CLANG_WARN_OBJC_IMPLICIT_RETAIN_SELF = YES;
				CLANG_WARN_OBJC_LITERAL_CONVERSION = YES;
				CLANG_WARN_OBJC_ROOT_CLASS = YES_ERROR;
				CLANG_WARN_RANGE_LOOP_ANALYSIS = YES;
				CLANG_WARN_STRICT_PROTOTYPES = YES;
				CLANG_WARN_SUSPICIOUS_MOVE = YES;
				CLANG_WARN_UNGUARDED_AVAILABILITY = YES_AGGRESSIVE;
				CLANG_WARN_UNREACHABLE_CODE = YES;
				CLANG_WARN__DUPLICATE_METHOD_MATCH = YES;
				CODE_SIGN_IDENTITY = "iPhone Developer";
				COPY_PHASE_STRIP = NO;
				DEBUG_INFORMATION_FORMAT = "dwarf-with-dsym";
				ENABLE_NS_ASSERTIONS = NO;
				ENABLE_STRICT_OBJC_MSGSEND = YES;
				GCC_C_LANGUAGE_STANDARD = gnu11;
				GCC_NO_COMMON_BLOCKS = YES;
				GCC_WARN_64_TO_32_BIT_CONVERSION = YES;
				GCC_WARN_ABOUT_RETURN_TYPE = YES_ERROR;
				GCC_WARN_UNDECLARED_SELECTOR = YES;
				GCC_WARN_UNINITIALIZED_AUTOS = YES_AGGRESSIVE;
				GCC_WARN_UNUSED_FUNCTION = YES;
				GCC_WARN_UNUSED_VARIABLE = YES;
				IPHONEOS_DEPLOYMENT_TARGET = 11.0;
				MTL_ENABLE_DEBUG_INFO = NO;
				SDKROOT = iphoneos;
				SWIFT_COMPILATION_MODE = wholemodule;
				SWIFT_OPTIMIZATION_LEVEL = "-O";
				VALIDATE_PRODUCT = YES;
			};
			name = Release;
		};
		F94DE1682184C05A001C9DEE /* Debug */ = {
			isa = XCBuildConfiguration;
			baseConfigurationReference = 401904A3EEE629B4C174B12C /* Pods-MoneyyBox.debug.xcconfig */;
			buildSettings = {
				ASSETCATALOG_COMPILER_APPICON_NAME = AppIcon;
				CODE_SIGN_IDENTITY = "iPhone Developer";
				CODE_SIGN_STYLE = Automatic;
				DEVELOPMENT_TEAM = YZY7DLX7BW;
				INFOPLIST_FILE = MoneyyBox/Info.plist;
				IPHONEOS_DEPLOYMENT_TARGET = 11.0;
				LD_RUNPATH_SEARCH_PATHS = (
					"$(inherited)",
					"@executable_path/Frameworks",
				);
				PRODUCT_BUNDLE_IDENTIFIER = com.3angles.Moneyybox;
				PRODUCT_NAME = "$(TARGET_NAME)";
				PROVISIONING_PROFILE_SPECIFIER = "";
				SWIFT_VERSION = 4.0;
				TARGETED_DEVICE_FAMILY = 1;
			};
			name = Debug;
		};
		F94DE1692184C05A001C9DEE /* Release */ = {
			isa = XCBuildConfiguration;
			baseConfigurationReference = E6799A4D8354644CCF7BA8C9 /* Pods-MoneyyBox.release.xcconfig */;
			buildSettings = {
				ASSETCATALOG_COMPILER_APPICON_NAME = AppIcon;
				CODE_SIGN_IDENTITY = "iPhone Developer";
				CODE_SIGN_STYLE = Automatic;
				DEVELOPMENT_TEAM = YZY7DLX7BW;
				INFOPLIST_FILE = MoneyyBox/Info.plist;
				IPHONEOS_DEPLOYMENT_TARGET = 11.0;
				LD_RUNPATH_SEARCH_PATHS = (
					"$(inherited)",
					"@executable_path/Frameworks",
				);
				PRODUCT_BUNDLE_IDENTIFIER = com.3angles.Moneyybox;
				PRODUCT_NAME = "$(TARGET_NAME)";
				PROVISIONING_PROFILE_SPECIFIER = "";
				SWIFT_VERSION = 4.0;
				TARGETED_DEVICE_FAMILY = 1;
			};
			name = Release;
		};
/* End XCBuildConfiguration section */

/* Begin XCConfigurationList section */
		F94DE14D2184C053001C9DEE /* Build configuration list for PBXProject "MoneyyBox" */ = {
			isa = XCConfigurationList;
			buildConfigurations = (
				F94DE1652184C05A001C9DEE /* Debug */,
				F94DE1662184C05A001C9DEE /* Release */,
			);
			defaultConfigurationIsVisible = 0;
			defaultConfigurationName = Debug;
		};
		F94DE1672184C05A001C9DEE /* Build configuration list for PBXNativeTarget "MoneyyBox" */ = {
			isa = XCConfigurationList;
			buildConfigurations = (
				F94DE1682184C05A001C9DEE /* Debug */,
				F94DE1692184C05A001C9DEE /* Release */,
			);
			defaultConfigurationIsVisible = 0;
			defaultConfigurationName = Debug;
		};
/* End XCConfigurationList section */

/* Begin XCVersionGroup section */
		F94DE15C2184C053001C9DEE /* MoneyyBox.xcdatamodeld */ = {
			isa = XCVersionGroup;
			children = (
				F94DE15D2184C053001C9DEE /* MoneyyBox.xcdatamodel */,
			);
			currentVersion = F94DE15D2184C053001C9DEE /* MoneyyBox.xcdatamodel */;
			path = MoneyyBox.xcdatamodeld;
			sourceTree = "<group>";
			versionGroupType = wrapper.xcdatamodel;
		};
/* End XCVersionGroup section */
	};
	rootObject = F94DE14A2184C053001C9DEE /* Project object */;
}
